// !$*UTF8*$!
{
	archiveVersion = 1;
	classes = {
	};
	objectVersion = 51;
	objects = {

/* Begin PBXBuildFile section */
		0482420A257E1D03006CE6BD /* AppDelegate.m in Sources */ = {isa = PBXBuildFile; fileRef = 04824209257E1D03006CE6BD /* AppDelegate.m */; };
		0482420C257E1D03006CE6BD /* GameScene.sks in Resources */ = {isa = PBXBuildFile; fileRef = 0482420B257E1D03006CE6BD /* GameScene.sks */; };
		0482420E257E1D03006CE6BD /* Actions.sks in Resources */ = {isa = PBXBuildFile; fileRef = 0482420D257E1D03006CE6BD /* Actions.sks */; };
		04824211257E1D03006CE6BD /* GameScene.m in Sources */ = {isa = PBXBuildFile; fileRef = 04824210257E1D03006CE6BD /* GameScene.m */; };
		04824214257E1D03006CE6BD /* GameViewController.m in Sources */ = {isa = PBXBuildFile; fileRef = 04824213257E1D03006CE6BD /* GameViewController.m */; };
		04824217257E1D03006CE6BD /* Main.storyboard in Resources */ = {isa = PBXBuildFile; fileRef = 04824215257E1D03006CE6BD /* Main.storyboard */; };
		04824219257E1D07006CE6BD /* Assets.xcassets in Resources */ = {isa = PBXBuildFile; fileRef = 04824218257E1D07006CE6BD /* Assets.xcassets */; };
		0482421C257E1D07006CE6BD /* LaunchScreen.storyboard in Resources */ = {isa = PBXBuildFile; fileRef = 0482421A257E1D07006CE6BD /* LaunchScreen.storyboard */; };
		0482421F257E1D07006CE6BD /* main.m in Sources */ = {isa = PBXBuildFile; fileRef = 0482421E257E1D07006CE6BD /* main.m */; };
		0482422A257E2027006CE6BD /* WDBaseScene.m in Sources */ = {isa = PBXBuildFile; fileRef = 04824229257E2027006CE6BD /* WDBaseScene.m */; };
		0482422D257E2036006CE6BD /* WDBaseNode.m in Sources */ = {isa = PBXBuildFile; fileRef = 0482422C257E2036006CE6BD /* WDBaseNode.m */; };
		04824230257E206D006CE6BD /* WDTextureManager.m in Sources */ = {isa = PBXBuildFile; fileRef = 0482422F257E206D006CE6BD /* WDTextureManager.m */; };
		04824233257E2085006CE6BD /* WDBaseNodeModel.m in Sources */ = {isa = PBXBuildFile; fileRef = 04824232257E2085006CE6BD /* WDBaseNodeModel.m */; };
		04824238257E20C2006CE6BD /* BattleScene_1.m in Sources */ = {isa = PBXBuildFile; fileRef = 04824237257E20C2006CE6BD /* BattleScene_1.m */; };
		0482423A257E20D1006CE6BD /* BattleScene_1.sks in Resources */ = {isa = PBXBuildFile; fileRef = 04824239257E20D1006CE6BD /* BattleScene_1.sks */; };
		0482423E257E215D006CE6BD /* BattleScene_1.jpg in Resources */ = {isa = PBXBuildFile; fileRef = 0482423D257E215D006CE6BD /* BattleScene_1.jpg */; };
		04D40A4A2581F4C90065445A /* WDKinghtNode.m in Sources */ = {isa = PBXBuildFile; fileRef = 04D40A492581F4C90065445A /* WDKinghtNode.m */; };
		04D40A4D2581F5710065445A /* WDKinghtModel.m in Sources */ = {isa = PBXBuildFile; fileRef = 04D40A4C2581F5710065445A /* WDKinghtModel.m */; };
		04D40A64258217690065445A /* shadow.png in Resources */ = {isa = PBXBuildFile; fileRef = 04D40A63258217690065445A /* shadow.png */; };
		04D40A6625821F7A0065445A /* arrow.png in Resources */ = {isa = PBXBuildFile; fileRef = 04D40A6525821F7A0065445A /* arrow.png */; };
		04D40A9D258223500065445A /* Kinght_stand_2.png in Resources */ = {isa = PBXBuildFile; fileRef = 04D40A932582234F0065445A /* Kinght_stand_2.png */; };
		04D40A9E258223500065445A /* Kinght_stand_7.png in Resources */ = {isa = PBXBuildFile; fileRef = 04D40A942582234F0065445A /* Kinght_stand_7.png */; };
		04D40A9F258223500065445A /* Kinght_stand_9.png in Resources */ = {isa = PBXBuildFile; fileRef = 04D40A95258223500065445A /* Kinght_stand_9.png */; };
		04D40AA0258223500065445A /* Kinght_stand_4.png in Resources */ = {isa = PBXBuildFile; fileRef = 04D40A96258223500065445A /* Kinght_stand_4.png */; };
		04D40AA1258223500065445A /* Kinght_stand_1.png in Resources */ = {isa = PBXBuildFile; fileRef = 04D40A97258223500065445A /* Kinght_stand_1.png */; };
		04D40AA2258223500065445A /* Kinght_stand_6.png in Resources */ = {isa = PBXBuildFile; fileRef = 04D40A98258223500065445A /* Kinght_stand_6.png */; };
		04D40AA3258223510065445A /* Kinght_stand_0.png in Resources */ = {isa = PBXBuildFile; fileRef = 04D40A99258223500065445A /* Kinght_stand_0.png */; };
		04D40AA4258223510065445A /* Kinght_stand_5.png in Resources */ = {isa = PBXBuildFile; fileRef = 04D40A9A258223500065445A /* Kinght_stand_5.png */; };
		04D40AA5258223510065445A /* Kinght_stand_8.png in Resources */ = {isa = PBXBuildFile; fileRef = 04D40A9B258223500065445A /* Kinght_stand_8.png */; };
		04D40AA6258223510065445A /* Kinght_stand_3.png in Resources */ = {isa = PBXBuildFile; fileRef = 04D40A9C258223500065445A /* Kinght_stand_3.png */; };
		04D40AB1258223B50065445A /* Kinght_walk_8.png in Resources */ = {isa = PBXBuildFile; fileRef = 04D40AA7258223B50065445A /* Kinght_walk_8.png */; };
		04D40AB2258223B50065445A /* Kinght_walk_6.png in Resources */ = {isa = PBXBuildFile; fileRef = 04D40AA8258223B50065445A /* Kinght_walk_6.png */; };
		04D40AB3258223B50065445A /* Kinght_walk_2.png in Resources */ = {isa = PBXBuildFile; fileRef = 04D40AA9258223B50065445A /* Kinght_walk_2.png */; };
		04D40AB4258223B50065445A /* Kinght_walk_9.png in Resources */ = {isa = PBXBuildFile; fileRef = 04D40AAA258223B50065445A /* Kinght_walk_9.png */; };
		04D40AB5258223B50065445A /* Kinght_walk_5.png in Resources */ = {isa = PBXBuildFile; fileRef = 04D40AAB258223B50065445A /* Kinght_walk_5.png */; };
		04D40AB6258223B50065445A /* Kinght_walk_1.png in Resources */ = {isa = PBXBuildFile; fileRef = 04D40AAC258223B50065445A /* Kinght_walk_1.png */; };
		04D40AB7258223B50065445A /* Kinght_walk_4.png in Resources */ = {isa = PBXBuildFile; fileRef = 04D40AAD258223B50065445A /* Kinght_walk_4.png */; };
		04D40AB8258223B50065445A /* Kinght_walk_7.png in Resources */ = {isa = PBXBuildFile; fileRef = 04D40AAE258223B50065445A /* Kinght_walk_7.png */; };
		04D40AB9258223B50065445A /* Kinght_walk_0.png in Resources */ = {isa = PBXBuildFile; fileRef = 04D40AAF258223B50065445A /* Kinght_walk_0.png */; };
		04D40ABA258223B50065445A /* Kinght_walk_3.png in Resources */ = {isa = PBXBuildFile; fileRef = 04D40AB0258223B50065445A /* Kinght_walk_3.png */; };
		160FAC7985065C9BC781F949 /* Pods_BattleHeartNew.framework in Frameworks */ = {isa = PBXBuildFile; fileRef = F9D48C47AE6ADB46829E6C9A /* Pods_BattleHeartNew.framework */; };
/* End PBXBuildFile section */

/* Begin PBXFileReference section */
		04824205257E1D03006CE6BD /* BattleHeartNew.app */ = {isa = PBXFileReference; explicitFileType = wrapper.application; includeInIndex = 0; path = BattleHeartNew.app; sourceTree = BUILT_PRODUCTS_DIR; };
		04824208257E1D03006CE6BD /* AppDelegate.h */ = {isa = PBXFileReference; lastKnownFileType = sourcecode.c.h; path = AppDelegate.h; sourceTree = "<group>"; };
		04824209257E1D03006CE6BD /* AppDelegate.m */ = {isa = PBXFileReference; lastKnownFileType = sourcecode.c.objc; path = AppDelegate.m; sourceTree = "<group>"; };
		0482420B257E1D03006CE6BD /* GameScene.sks */ = {isa = PBXFileReference; lastKnownFileType = file.sks; path = GameScene.sks; sourceTree = "<group>"; };
		0482420D257E1D03006CE6BD /* Actions.sks */ = {isa = PBXFileReference; lastKnownFileType = file.sks; path = Actions.sks; sourceTree = "<group>"; };
		0482420F257E1D03006CE6BD /* GameScene.h */ = {isa = PBXFileReference; lastKnownFileType = sourcecode.c.h; path = GameScene.h; sourceTree = "<group>"; };
		04824210257E1D03006CE6BD /* GameScene.m */ = {isa = PBXFileReference; lastKnownFileType = sourcecode.c.objc; path = GameScene.m; sourceTree = "<group>"; };
		04824212257E1D03006CE6BD /* GameViewController.h */ = {isa = PBXFileReference; lastKnownFileType = sourcecode.c.h; path = GameViewController.h; sourceTree = "<group>"; };
		04824213257E1D03006CE6BD /* GameViewController.m */ = {isa = PBXFileReference; lastKnownFileType = sourcecode.c.objc; path = GameViewController.m; sourceTree = "<group>"; };
		04824216257E1D03006CE6BD /* Base */ = {isa = PBXFileReference; lastKnownFileType = file.storyboard; name = Base; path = Base.lproj/Main.storyboard; sourceTree = "<group>"; };
		04824218257E1D07006CE6BD /* Assets.xcassets */ = {isa = PBXFileReference; lastKnownFileType = folder.assetcatalog; path = Assets.xcassets; sourceTree = "<group>"; };
		0482421B257E1D07006CE6BD /* Base */ = {isa = PBXFileReference; lastKnownFileType = file.storyboard; name = Base; path = Base.lproj/LaunchScreen.storyboard; sourceTree = "<group>"; };
		0482421D257E1D07006CE6BD /* Info.plist */ = {isa = PBXFileReference; lastKnownFileType = text.plist.xml; path = Info.plist; sourceTree = "<group>"; };
		0482421E257E1D07006CE6BD /* main.m */ = {isa = PBXFileReference; lastKnownFileType = sourcecode.c.objc; path = main.m; sourceTree = "<group>"; };
		04824226257E1EFA006CE6BD /* wdPCH.pch */ = {isa = PBXFileReference; lastKnownFileType = sourcecode.c.h; path = wdPCH.pch; sourceTree = "<group>"; };
		04824228257E2027006CE6BD /* WDBaseScene.h */ = {isa = PBXFileReference; lastKnownFileType = sourcecode.c.h; path = WDBaseScene.h; sourceTree = "<group>"; };
		04824229257E2027006CE6BD /* WDBaseScene.m */ = {isa = PBXFileReference; lastKnownFileType = sourcecode.c.objc; path = WDBaseScene.m; sourceTree = "<group>"; };
		0482422B257E2036006CE6BD /* WDBaseNode.h */ = {isa = PBXFileReference; lastKnownFileType = sourcecode.c.h; path = WDBaseNode.h; sourceTree = "<group>"; };
		0482422C257E2036006CE6BD /* WDBaseNode.m */ = {isa = PBXFileReference; lastKnownFileType = sourcecode.c.objc; path = WDBaseNode.m; sourceTree = "<group>"; };
		0482422E257E206D006CE6BD /* WDTextureManager.h */ = {isa = PBXFileReference; lastKnownFileType = sourcecode.c.h; path = WDTextureManager.h; sourceTree = "<group>"; };
		0482422F257E206D006CE6BD /* WDTextureManager.m */ = {isa = PBXFileReference; lastKnownFileType = sourcecode.c.objc; path = WDTextureManager.m; sourceTree = "<group>"; };
		04824231257E2085006CE6BD /* WDBaseNodeModel.h */ = {isa = PBXFileReference; lastKnownFileType = sourcecode.c.h; path = WDBaseNodeModel.h; sourceTree = "<group>"; };
		04824232257E2085006CE6BD /* WDBaseNodeModel.m */ = {isa = PBXFileReference; lastKnownFileType = sourcecode.c.objc; path = WDBaseNodeModel.m; sourceTree = "<group>"; };
		04824236257E20C2006CE6BD /* BattleScene_1.h */ = {isa = PBXFileReference; lastKnownFileType = sourcecode.c.h; path = BattleScene_1.h; sourceTree = "<group>"; };
		04824237257E20C2006CE6BD /* BattleScene_1.m */ = {isa = PBXFileReference; lastKnownFileType = sourcecode.c.objc; path = BattleScene_1.m; sourceTree = "<group>"; };
		04824239257E20D1006CE6BD /* BattleScene_1.sks */ = {isa = PBXFileReference; lastKnownFileType = file.sks; path = BattleScene_1.sks; sourceTree = "<group>"; };
		0482423D257E215D006CE6BD /* BattleScene_1.jpg */ = {isa = PBXFileReference; lastKnownFileType = image.jpeg; path = BattleScene_1.jpg; sourceTree = "<group>"; };
		04D40A482581F4C90065445A /* WDKinghtNode.h */ = {isa = PBXFileReference; lastKnownFileType = sourcecode.c.h; path = WDKinghtNode.h; sourceTree = "<group>"; };
		04D40A492581F4C90065445A /* WDKinghtNode.m */ = {isa = PBXFileReference; lastKnownFileType = sourcecode.c.objc; path = WDKinghtNode.m; sourceTree = "<group>"; };
		04D40A4B2581F5710065445A /* WDKinghtModel.h */ = {isa = PBXFileReference; lastKnownFileType = sourcecode.c.h; path = WDKinghtModel.h; sourceTree = "<group>"; };
		04D40A4C2581F5710065445A /* WDKinghtModel.m */ = {isa = PBXFileReference; lastKnownFileType = sourcecode.c.objc; path = WDKinghtModel.m; sourceTree = "<group>"; };
		04D40A63258217690065445A /* shadow.png */ = {isa = PBXFileReference; lastKnownFileType = image.png; path = shadow.png; sourceTree = "<group>"; };
		04D40A6525821F7A0065445A /* arrow.png */ = {isa = PBXFileReference; lastKnownFileType = image.png; path = arrow.png; sourceTree = "<group>"; };
		04D40A932582234F0065445A /* Kinght_stand_2.png */ = {isa = PBXFileReference; lastKnownFileType = image.png; path = Kinght_stand_2.png; sourceTree = "<group>"; };
		04D40A942582234F0065445A /* Kinght_stand_7.png */ = {isa = PBXFileReference; lastKnownFileType = image.png; path = Kinght_stand_7.png; sourceTree = "<group>"; };
		04D40A95258223500065445A /* Kinght_stand_9.png */ = {isa = PBXFileReference; lastKnownFileType = image.png; path = Kinght_stand_9.png; sourceTree = "<group>"; };
		04D40A96258223500065445A /* Kinght_stand_4.png */ = {isa = PBXFileReference; lastKnownFileType = image.png; path = Kinght_stand_4.png; sourceTree = "<group>"; };
		04D40A97258223500065445A /* Kinght_stand_1.png */ = {isa = PBXFileReference; lastKnownFileType = image.png; path = Kinght_stand_1.png; sourceTree = "<group>"; };
		04D40A98258223500065445A /* Kinght_stand_6.png */ = {isa = PBXFileReference; lastKnownFileType = image.png; path = Kinght_stand_6.png; sourceTree = "<group>"; };
		04D40A99258223500065445A /* Kinght_stand_0.png */ = {isa = PBXFileReference; lastKnownFileType = image.png; path = Kinght_stand_0.png; sourceTree = "<group>"; };
		04D40A9A258223500065445A /* Kinght_stand_5.png */ = {isa = PBXFileReference; lastKnownFileType = image.png; path = Kinght_stand_5.png; sourceTree = "<group>"; };
		04D40A9B258223500065445A /* Kinght_stand_8.png */ = {isa = PBXFileReference; lastKnownFileType = image.png; path = Kinght_stand_8.png; sourceTree = "<group>"; };
		04D40A9C258223500065445A /* Kinght_stand_3.png */ = {isa = PBXFileReference; lastKnownFileType = image.png; path = Kinght_stand_3.png; sourceTree = "<group>"; };
		04D40AA7258223B50065445A /* Kinght_walk_8.png */ = {isa = PBXFileReference; lastKnownFileType = image.png; path = Kinght_walk_8.png; sourceTree = "<group>"; };
		04D40AA8258223B50065445A /* Kinght_walk_6.png */ = {isa = PBXFileReference; lastKnownFileType = image.png; path = Kinght_walk_6.png; sourceTree = "<group>"; };
		04D40AA9258223B50065445A /* Kinght_walk_2.png */ = {isa = PBXFileReference; lastKnownFileType = image.png; path = Kinght_walk_2.png; sourceTree = "<group>"; };
		04D40AAA258223B50065445A /* Kinght_walk_9.png */ = {isa = PBXFileReference; lastKnownFileType = image.png; path = Kinght_walk_9.png; sourceTree = "<group>"; };
		04D40AAB258223B50065445A /* Kinght_walk_5.png */ = {isa = PBXFileReference; lastKnownFileType = image.png; path = Kinght_walk_5.png; sourceTree = "<group>"; };
		04D40AAC258223B50065445A /* Kinght_walk_1.png */ = {isa = PBXFileReference; lastKnownFileType = image.png; path = Kinght_walk_1.png; sourceTree = "<group>"; };
		04D40AAD258223B50065445A /* Kinght_walk_4.png */ = {isa = PBXFileReference; lastKnownFileType = image.png; path = Kinght_walk_4.png; sourceTree = "<group>"; };
		04D40AAE258223B50065445A /* Kinght_walk_7.png */ = {isa = PBXFileReference; lastKnownFileType = image.png; path = Kinght_walk_7.png; sourceTree = "<group>"; };
		04D40AAF258223B50065445A /* Kinght_walk_0.png */ = {isa = PBXFileReference; lastKnownFileType = image.png; path = Kinght_walk_0.png; sourceTree = "<group>"; };
		04D40AB0258223B50065445A /* Kinght_walk_3.png */ = {isa = PBXFileReference; lastKnownFileType = image.png; path = Kinght_walk_3.png; sourceTree = "<group>"; };
		0E458EBA37DAEFC1231864DB /* Pods-BattleHeartNew.debug.xcconfig */ = {isa = PBXFileReference; includeInIndex = 1; lastKnownFileType = text.xcconfig; name = "Pods-BattleHeartNew.debug.xcconfig"; path = "Target Support Files/Pods-BattleHeartNew/Pods-BattleHeartNew.debug.xcconfig"; sourceTree = "<group>"; };
		F2A82534D841765339E4BA01 /* Pods-BattleHeartNew.release.xcconfig */ = {isa = PBXFileReference; includeInIndex = 1; lastKnownFileType = text.xcconfig; name = "Pods-BattleHeartNew.release.xcconfig"; path = "Target Support Files/Pods-BattleHeartNew/Pods-BattleHeartNew.release.xcconfig"; sourceTree = "<group>"; };
		F9D48C47AE6ADB46829E6C9A /* Pods_BattleHeartNew.framework */ = {isa = PBXFileReference; explicitFileType = wrapper.framework; includeInIndex = 0; path = Pods_BattleHeartNew.framework; sourceTree = BUILT_PRODUCTS_DIR; };
/* End PBXFileReference section */

/* Begin PBXFrameworksBuildPhase section */
		04824202257E1D03006CE6BD /* Frameworks */ = {
			isa = PBXFrameworksBuildPhase;
			buildActionMask = 2147483647;
			files = (
				160FAC7985065C9BC781F949 /* Pods_BattleHeartNew.framework in Frameworks */,
			);
			runOnlyForDeploymentPostprocessing = 0;
		};
/* End PBXFrameworksBuildPhase section */

/* Begin PBXGroup section */
		048241FC257E1D03006CE6BD = {
			isa = PBXGroup;
			children = (
				0482423B257E20ED006CE6BD /* WDImages */,
				04824235257E20A4006CE6BD /* WDNodes */,
				04824234257E2093006CE6BD /* WDScene */,
				04824227257E1FD4006CE6BD /* WDBase */,
				04824225257E1EE9006CE6BD /* WDTool */,
				04824207257E1D03006CE6BD /* BattleHeartNew */,
				04824206257E1D03006CE6BD /* Products */,
				13F7838E8B5DA7F8987D4B39 /* Pods */,
				689BA9B16FFE073D86332992 /* Frameworks */,
			);
			sourceTree = "<group>";
		};
		04824206257E1D03006CE6BD /* Products */ = {
			isa = PBXGroup;
			children = (
				04824205257E1D03006CE6BD /* BattleHeartNew.app */,
			);
			name = Products;
			sourceTree = "<group>";
		};
		04824207257E1D03006CE6BD /* BattleHeartNew */ = {
			isa = PBXGroup;
			children = (
				04824208257E1D03006CE6BD /* AppDelegate.h */,
				04824209257E1D03006CE6BD /* AppDelegate.m */,
				0482420B257E1D03006CE6BD /* GameScene.sks */,
				0482420D257E1D03006CE6BD /* Actions.sks */,
				0482420F257E1D03006CE6BD /* GameScene.h */,
				04824210257E1D03006CE6BD /* GameScene.m */,
				04824212257E1D03006CE6BD /* GameViewController.h */,
				04824213257E1D03006CE6BD /* GameViewController.m */,
				04824215257E1D03006CE6BD /* Main.storyboard */,
				04824218257E1D07006CE6BD /* Assets.xcassets */,
				0482421A257E1D07006CE6BD /* LaunchScreen.storyboard */,
				0482421D257E1D07006CE6BD /* Info.plist */,
				0482421E257E1D07006CE6BD /* main.m */,
			);
			path = BattleHeartNew;
			sourceTree = "<group>";
		};
		04824225257E1EE9006CE6BD /* WDTool */ = {
			isa = PBXGroup;
			children = (
				04824226257E1EFA006CE6BD /* wdPCH.pch */,
				0482422E257E206D006CE6BD /* WDTextureManager.h */,
				0482422F257E206D006CE6BD /* WDTextureManager.m */,
			);
			path = WDTool;
			sourceTree = "<group>";
		};
		04824227257E1FD4006CE6BD /* WDBase */ = {
			isa = PBXGroup;
			children = (
				04824228257E2027006CE6BD /* WDBaseScene.h */,
				04824229257E2027006CE6BD /* WDBaseScene.m */,
				0482422B257E2036006CE6BD /* WDBaseNode.h */,
				0482422C257E2036006CE6BD /* WDBaseNode.m */,
				04824231257E2085006CE6BD /* WDBaseNodeModel.h */,
				04824232257E2085006CE6BD /* WDBaseNodeModel.m */,
			);
			path = WDBase;
			sourceTree = "<group>";
		};
		04824234257E2093006CE6BD /* WDScene */ = {
			isa = PBXGroup;
			children = (
				04824236257E20C2006CE6BD /* BattleScene_1.h */,
				04824237257E20C2006CE6BD /* BattleScene_1.m */,
				04824239257E20D1006CE6BD /* BattleScene_1.sks */,
			);
			path = WDScene;
			sourceTree = "<group>";
		};
		04824235257E20A4006CE6BD /* WDNodes */ = {
			isa = PBXGroup;
			children = (
				04824240257E23A5006CE6BD /* MonsterNodes */,
				0482423F257E239A006CE6BD /* UserNodes */,
			);
			path = WDNodes;
			sourceTree = "<group>";
		};
		0482423B257E20ED006CE6BD /* WDImages */ = {
			isa = PBXGroup;
			children = (
				04D40A62258217620065445A /* Common */,
				04D40A322581F4860065445A /* KnightImages */,
				0482423C257E20FB006CE6BD /* SceneImages */,
			);
			path = WDImages;
			sourceTree = "<group>";
		};
		0482423C257E20FB006CE6BD /* SceneImages */ = {
			isa = PBXGroup;
			children = (
				0482423D257E215D006CE6BD /* BattleScene_1.jpg */,
			);
			path = SceneImages;
			sourceTree = "<group>";
		};
		0482423F257E239A006CE6BD /* UserNodes */ = {
			isa = PBXGroup;
			children = (
				04D40A082581F3DD0065445A /* Knight */,
			);
			path = UserNodes;
			sourceTree = "<group>";
		};
		04824240257E23A5006CE6BD /* MonsterNodes */ = {
			isa = PBXGroup;
			children = (
			);
			path = MonsterNodes;
			sourceTree = "<group>";
		};
		04D40A082581F3DD0065445A /* Knight */ = {
			isa = PBXGroup;
			children = (
				04D40A482581F4C90065445A /* WDKinghtNode.h */,
				04D40A492581F4C90065445A /* WDKinghtNode.m */,
				04D40A4B2581F5710065445A /* WDKinghtModel.h */,
				04D40A4C2581F5710065445A /* WDKinghtModel.m */,
			);
			path = Knight;
			sourceTree = "<group>";
		};
		04D40A322581F4860065445A /* KnightImages */ = {
			isa = PBXGroup;
			children = (
				04D40A92258223420065445A /* Walk */,
				04D40A912582233B0065445A /* Stand */,
			);
			path = KnightImages;
			sourceTree = "<group>";
		};
		04D40A62258217620065445A /* Common */ = {
			isa = PBXGroup;
			children = (
				04D40A6525821F7A0065445A /* arrow.png */,
				04D40A63258217690065445A /* shadow.png */,
			);
			path = Common;
			sourceTree = "<group>";
		};
		04D40A912582233B0065445A /* Stand */ = {
			isa = PBXGroup;
			children = (
				04D40A99258223500065445A /* Kinght_stand_0.png */,
				04D40A97258223500065445A /* Kinght_stand_1.png */,
				04D40A932582234F0065445A /* Kinght_stand_2.png */,
				04D40A9C258223500065445A /* Kinght_stand_3.png */,
				04D40A96258223500065445A /* Kinght_stand_4.png */,
				04D40A9A258223500065445A /* Kinght_stand_5.png */,
				04D40A98258223500065445A /* Kinght_stand_6.png */,
				04D40A942582234F0065445A /* Kinght_stand_7.png */,
				04D40A9B258223500065445A /* Kinght_stand_8.png */,
				04D40A95258223500065445A /* Kinght_stand_9.png */,
			);
			path = Stand;
			sourceTree = "<group>";
		};
		04D40A92258223420065445A /* Walk */ = {
			isa = PBXGroup;
			children = (
				04D40AAF258223B50065445A /* Kinght_walk_0.png */,
				04D40AAC258223B50065445A /* Kinght_walk_1.png */,
				04D40AA9258223B50065445A /* Kinght_walk_2.png */,
				04D40AB0258223B50065445A /* Kinght_walk_3.png */,
				04D40AAD258223B50065445A /* Kinght_walk_4.png */,
				04D40AAB258223B50065445A /* Kinght_walk_5.png */,
				04D40AA8258223B50065445A /* Kinght_walk_6.png */,
				04D40AAE258223B50065445A /* Kinght_walk_7.png */,
				04D40AA7258223B50065445A /* Kinght_walk_8.png */,
				04D40AAA258223B50065445A /* Kinght_walk_9.png */,
			);
			path = Walk;
			sourceTree = "<group>";
		};
		13F7838E8B5DA7F8987D4B39 /* Pods */ = {
			isa = PBXGroup;
			children = (
				0E458EBA37DAEFC1231864DB /* Pods-BattleHeartNew.debug.xcconfig */,
				F2A82534D841765339E4BA01 /* Pods-BattleHeartNew.release.xcconfig */,
			);
			path = Pods;
			sourceTree = "<group>";
		};
		689BA9B16FFE073D86332992 /* Frameworks */ = {
			isa = PBXGroup;
			children = (
				F9D48C47AE6ADB46829E6C9A /* Pods_BattleHeartNew.framework */,
			);
			name = Frameworks;
			sourceTree = "<group>";
		};
/* End PBXGroup section */

/* Begin PBXNativeTarget section */
		04824204257E1D03006CE6BD /* BattleHeartNew */ = {
			isa = PBXNativeTarget;
			buildConfigurationList = 04824222257E1D07006CE6BD /* Build configuration list for PBXNativeTarget "BattleHeartNew" */;
			buildPhases = (
				70E2FA66F303D975B7480E82 /* [CP] Check Pods Manifest.lock */,
				04824201257E1D03006CE6BD /* Sources */,
				04824202257E1D03006CE6BD /* Frameworks */,
				04824203257E1D03006CE6BD /* Resources */,
				CA7A912B2A0EB1100544BAEE /* [CP] Embed Pods Frameworks */,
			);
			buildRules = (
			);
			dependencies = (
			);
			name = BattleHeartNew;
			productName = BattleHeartNew;
			productReference = 04824205257E1D03006CE6BD /* BattleHeartNew.app */;
			productType = "com.apple.product-type.application";
		};
/* End PBXNativeTarget section */

/* Begin PBXProject section */
		048241FD257E1D03006CE6BD /* Project object */ = {
			isa = PBXProject;
			attributes = {
				LastUpgradeCheck = 1120;
				ORGANIZATIONNAME = Macdddd;
				TargetAttributes = {
					04824204257E1D03006CE6BD = {
						CreatedOnToolsVersion = 11.2.1;
					};
				};
			};
			buildConfigurationList = 04824200257E1D03006CE6BD /* Build configuration list for PBXProject "BattleHeartNew" */;
			compatibilityVersion = "Xcode 9.3";
			developmentRegion = en;
			hasScannedForEncodings = 0;
			knownRegions = (
				en,
				Base,
			);
			mainGroup = 048241FC257E1D03006CE6BD;
			productRefGroup = 04824206257E1D03006CE6BD /* Products */;
			projectDirPath = "";
			projectRoot = "";
			targets = (
				04824204257E1D03006CE6BD /* BattleHeartNew */,
			);
		};
/* End PBXProject section */

/* Begin PBXResourcesBuildPhase section */
		04824203257E1D03006CE6BD /* Resources */ = {
			isa = PBXResourcesBuildPhase;
			buildActionMask = 2147483647;
			files = (
				0482423A257E20D1006CE6BD /* BattleScene_1.sks in Resources */,
				04824217257E1D03006CE6BD /* Main.storyboard in Resources */,
				04D40AA3258223510065445A /* Kinght_stand_0.png in Resources */,
				04D40AB4258223B50065445A /* Kinght_walk_9.png in Resources */,
				0482420C257E1D03006CE6BD /* GameScene.sks in Resources */,
				04824219257E1D07006CE6BD /* Assets.xcassets in Resources */,
				04D40AB7258223B50065445A /* Kinght_walk_4.png in Resources */,
				04D40A9E258223500065445A /* Kinght_stand_7.png in Resources */,
				04D40AB3258223B50065445A /* Kinght_walk_2.png in Resources */,
				04D40ABA258223B50065445A /* Kinght_walk_3.png in Resources */,
				04D40AA5258223510065445A /* Kinght_stand_8.png in Resources */,
				04D40AB9258223B50065445A /* Kinght_walk_0.png in Resources */,
				04D40AB8258223B50065445A /* Kinght_walk_7.png in Resources */,
				04D40AB2258223B50065445A /* Kinght_walk_6.png in Resources */,
				0482421C257E1D07006CE6BD /* LaunchScreen.storyboard in Resources */,
				04D40AA4258223510065445A /* Kinght_stand_5.png in Resources */,
				04D40AB6258223B50065445A /* Kinght_walk_1.png in Resources */,
				0482420E257E1D03006CE6BD /* Actions.sks in Resources */,
				04D40AA0258223500065445A /* Kinght_stand_4.png in Resources */,
				04D40AA2258223500065445A /* Kinght_stand_6.png in Resources */,
				0482423E257E215D006CE6BD /* BattleScene_1.jpg in Resources */,
				04D40AA1258223500065445A /* Kinght_stand_1.png in Resources */,
				04D40A6625821F7A0065445A /* arrow.png in Resources */,
				04D40A9D258223500065445A /* Kinght_stand_2.png in Resources */,
				04D40AB5258223B50065445A /* Kinght_walk_5.png in Resources */,
				04D40A64258217690065445A /* shadow.png in Resources */,
				04D40A9F258223500065445A /* Kinght_stand_9.png in Resources */,
				04D40AB1258223B50065445A /* Kinght_walk_8.png in Resources */,
				04D40AA6258223510065445A /* Kinght_stand_3.png in Resources */,
			);
			runOnlyForDeploymentPostprocessing = 0;
		};
/* End PBXResourcesBuildPhase section */

/* Begin PBXShellScriptBuildPhase section */
		70E2FA66F303D975B7480E82 /* [CP] Check Pods Manifest.lock */ = {
			isa = PBXShellScriptBuildPhase;
			buildActionMask = 2147483647;
			files = (
			);
			inputFileListPaths = (
			);
			inputPaths = (
				"${PODS_PODFILE_DIR_PATH}/Podfile.lock",
				"${PODS_ROOT}/Manifest.lock",
			);
			name = "[CP] Check Pods Manifest.lock";
			outputFileListPaths = (
			);
			outputPaths = (
				"$(DERIVED_FILE_DIR)/Pods-BattleHeartNew-checkManifestLockResult.txt",
			);
			runOnlyForDeploymentPostprocessing = 0;
			shellPath = /bin/sh;
			shellScript = "diff \"${PODS_PODFILE_DIR_PATH}/Podfile.lock\" \"${PODS_ROOT}/Manifest.lock\" > /dev/null\nif [ $? != 0 ] ; then\n    # print error to STDERR\n    echo \"error: The sandbox is not in sync with the Podfile.lock. Run 'pod install' or update your CocoaPods installation.\" >&2\n    exit 1\nfi\n# This output is used by Xcode 'outputs' to avoid re-running this script phase.\necho \"SUCCESS\" > \"${SCRIPT_OUTPUT_FILE_0}\"\n";
			showEnvVarsInLog = 0;
		};
		CA7A912B2A0EB1100544BAEE /* [CP] Embed Pods Frameworks */ = {
			isa = PBXShellScriptBuildPhase;
			buildActionMask = 2147483647;
			files = (
			);
			inputFileListPaths = (
				"${PODS_ROOT}/Target Support Files/Pods-BattleHeartNew/Pods-BattleHeartNew-frameworks-${CONFIGURATION}-input-files.xcfilelist",
			);
			name = "[CP] Embed Pods Frameworks";
			outputFileListPaths = (
				"${PODS_ROOT}/Target Support Files/Pods-BattleHeartNew/Pods-BattleHeartNew-frameworks-${CONFIGURATION}-output-files.xcfilelist",
			);
			runOnlyForDeploymentPostprocessing = 0;
			shellPath = /bin/sh;
			shellScript = "\"${PODS_ROOT}/Target Support Files/Pods-BattleHeartNew/Pods-BattleHeartNew-frameworks.sh\"\n";
			showEnvVarsInLog = 0;
		};
/* End PBXShellScriptBuildPhase section */

/* Begin PBXSourcesBuildPhase section */
		04824201257E1D03006CE6BD /* Sources */ = {
			isa = PBXSourcesBuildPhase;
			buildActionMask = 2147483647;
			files = (
				0482422A257E2027006CE6BD /* WDBaseScene.m in Sources */,
				04D40A4D2581F5710065445A /* WDKinghtModel.m in Sources */,
				04824233257E2085006CE6BD /* WDBaseNodeModel.m in Sources */,
				04824238257E20C2006CE6BD /* BattleScene_1.m in Sources */,
				04824211257E1D03006CE6BD /* GameScene.m in Sources */,
				04824230257E206D006CE6BD /* WDTextureManager.m in Sources */,
				04824214257E1D03006CE6BD /* GameViewController.m in Sources */,
				0482421F257E1D07006CE6BD /* main.m in Sources */,
				0482420A257E1D03006CE6BD /* AppDelegate.m in Sources */,
				0482422D257E2036006CE6BD /* WDBaseNode.m in Sources */,
				04D40A4A2581F4C90065445A /* WDKinghtNode.m in Sources */,
			);
			runOnlyForDeploymentPostprocessing = 0;
		};
/* End PBXSourcesBuildPhase section */

/* Begin PBXVariantGroup section */
		04824215257E1D03006CE6BD /* Main.storyboard */ = {
			isa = PBXVariantGroup;
			children = (
				04824216257E1D03006CE6BD /* Base */,
			);
			name = Main.storyboard;
			sourceTree = "<group>";
		};
		0482421A257E1D07006CE6BD /* LaunchScreen.storyboard */ = {
			isa = PBXVariantGroup;
			children = (
				0482421B257E1D07006CE6BD /* Base */,
			);
			name = LaunchScreen.storyboard;
			sourceTree = "<group>";
		};
/* End PBXVariantGroup section */

/* Begin XCBuildConfiguration section */
		04824220257E1D07006CE6BD /* Debug */ = {
			isa = XCBuildConfiguration;
			buildSettings = {
				ALWAYS_SEARCH_USER_PATHS = NO;
				CLANG_ANALYZER_NONNULL = YES;
				CLANG_ANALYZER_NUMBER_OBJECT_CONVERSION = YES_AGGRESSIVE;
				CLANG_CXX_LANGUAGE_STANDARD = "gnu++14";
				CLANG_CXX_LIBRARY = "libc++";
				CLANG_ENABLE_MODULES = YES;
				CLANG_ENABLE_OBJC_ARC = YES;
				CLANG_ENABLE_OBJC_WEAK = YES;
				CLANG_WARN_BLOCK_CAPTURE_AUTORELEASING = YES;
				CLANG_WARN_BOOL_CONVERSION = YES;
				CLANG_WARN_COMMA = YES;
				CLANG_WARN_CONSTANT_CONVERSION = YES;
				CLANG_WARN_DEPRECATED_OBJC_IMPLEMENTATIONS = YES;
				CLANG_WARN_DIRECT_OBJC_ISA_USAGE = YES_ERROR;
				CLANG_WARN_DOCUMENTATION_COMMENTS = YES;
				CLANG_WARN_EMPTY_BODY = YES;
				CLANG_WARN_ENUM_CONVERSION = YES;
				CLANG_WARN_INFINITE_RECURSION = YES;
				CLANG_WARN_INT_CONVERSION = YES;
				CLANG_WARN_NON_LITERAL_NULL_CONVERSION = YES;
				CLANG_WARN_OBJC_IMPLICIT_RETAIN_SELF = YES;
				CLANG_WARN_OBJC_LITERAL_CONVERSION = YES;
				CLANG_WARN_OBJC_ROOT_CLASS = YES_ERROR;
				CLANG_WARN_RANGE_LOOP_ANALYSIS = YES;
				CLANG_WARN_STRICT_PROTOTYPES = YES;
				CLANG_WARN_SUSPICIOUS_MOVE = YES;
				CLANG_WARN_UNGUARDED_AVAILABILITY = YES_AGGRESSIVE;
				CLANG_WARN_UNREACHABLE_CODE = YES;
				CLANG_WARN__DUPLICATE_METHOD_MATCH = YES;
				COPY_PHASE_STRIP = NO;
				DEBUG_INFORMATION_FORMAT = dwarf;
				ENABLE_STRICT_OBJC_MSGSEND = YES;
				ENABLE_TESTABILITY = YES;
				GCC_C_LANGUAGE_STANDARD = gnu11;
				GCC_DYNAMIC_NO_PIC = NO;
				GCC_NO_COMMON_BLOCKS = YES;
				GCC_OPTIMIZATION_LEVEL = 0;
				GCC_PREPROCESSOR_DEFINITIONS = (
					"DEBUG=1",
					"$(inherited)",
				);
				GCC_WARN_64_TO_32_BIT_CONVERSION = YES;
				GCC_WARN_ABOUT_RETURN_TYPE = YES_ERROR;
				GCC_WARN_UNDECLARED_SELECTOR = YES;
				GCC_WARN_UNINITIALIZED_AUTOS = YES_AGGRESSIVE;
				GCC_WARN_UNUSED_FUNCTION = YES;
				GCC_WARN_UNUSED_VARIABLE = YES;
				IPHONEOS_DEPLOYMENT_TARGET = 13.2;
				MTL_ENABLE_DEBUG_INFO = INCLUDE_SOURCE;
				MTL_FAST_MATH = YES;
				ONLY_ACTIVE_ARCH = YES;
				SDKROOT = iphoneos;
			};
			name = Debug;
		};
		04824221257E1D07006CE6BD /* Release */ = {
			isa = XCBuildConfiguration;
			buildSettings = {
				ALWAYS_SEARCH_USER_PATHS = NO;
				CLANG_ANALYZER_NONNULL = YES;
				CLANG_ANALYZER_NUMBER_OBJECT_CONVERSION = YES_AGGRESSIVE;
				CLANG_CXX_LANGUAGE_STANDARD = "gnu++14";
				CLANG_CXX_LIBRARY = "libc++";
				CLANG_ENABLE_MODULES = YES;
				CLANG_ENABLE_OBJC_ARC = YES;
				CLANG_ENABLE_OBJC_WEAK = YES;
				CLANG_WARN_BLOCK_CAPTURE_AUTORELEASING = YES;
				CLANG_WARN_BOOL_CONVERSION = YES;
				CLANG_WARN_COMMA = YES;
				CLANG_WARN_CONSTANT_CONVERSION = YES;
				CLANG_WARN_DEPRECATED_OBJC_IMPLEMENTATIONS = YES;
				CLANG_WARN_DIRECT_OBJC_ISA_USAGE = YES_ERROR;
				CLANG_WARN_DOCUMENTATION_COMMENTS = YES;
				CLANG_WARN_EMPTY_BODY = YES;
				CLANG_WARN_ENUM_CONVERSION = YES;
				CLANG_WARN_INFINITE_RECURSION = YES;
				CLANG_WARN_INT_CONVERSION = YES;
				CLANG_WARN_NON_LITERAL_NULL_CONVERSION = YES;
				CLANG_WARN_OBJC_IMPLICIT_RETAIN_SELF = YES;
				CLANG_WARN_OBJC_LITERAL_CONVERSION = YES;
				CLANG_WARN_OBJC_ROOT_CLASS = YES_ERROR;
				CLANG_WARN_RANGE_LOOP_ANALYSIS = YES;
				CLANG_WARN_STRICT_PROTOTYPES = YES;
				CLANG_WARN_SUSPICIOUS_MOVE = YES;
				CLANG_WARN_UNGUARDED_AVAILABILITY = YES_AGGRESSIVE;
				CLANG_WARN_UNREACHABLE_CODE = YES;
				CLANG_WARN__DUPLICATE_METHOD_MATCH = YES;
				COPY_PHASE_STRIP = NO;
				DEBUG_INFORMATION_FORMAT = "dwarf-with-dsym";
				ENABLE_NS_ASSERTIONS = NO;
				ENABLE_STRICT_OBJC_MSGSEND = YES;
				GCC_C_LANGUAGE_STANDARD = gnu11;
				GCC_NO_COMMON_BLOCKS = YES;
				GCC_WARN_64_TO_32_BIT_CONVERSION = YES;
				GCC_WARN_ABOUT_RETURN_TYPE = YES_ERROR;
				GCC_WARN_UNDECLARED_SELECTOR = YES;
				GCC_WARN_UNINITIALIZED_AUTOS = YES_AGGRESSIVE;
				GCC_WARN_UNUSED_FUNCTION = YES;
				GCC_WARN_UNUSED_VARIABLE = YES;
				IPHONEOS_DEPLOYMENT_TARGET = 13.2;
				MTL_ENABLE_DEBUG_INFO = NO;
				MTL_FAST_MATH = YES;
				SDKROOT = iphoneos;
				VALIDATE_PRODUCT = YES;
			};
			name = Release;
		};
		04824223257E1D07006CE6BD /* Debug */ = {
			isa = XCBuildConfiguration;
			baseConfigurationReference = 0E458EBA37DAEFC1231864DB /* Pods-BattleHeartNew.debug.xcconfig */;
			buildSettings = {
				ASSETCATALOG_COMPILER_APPICON_NAME = AppIcon;
				CODE_SIGN_STYLE = Automatic;
				DEVELOPMENT_TEAM = BT8UTD5NYK;
				GCC_PRECOMPILE_PREFIX_HEADER = YES;
				GCC_PREFIX_HEADER = WDTool/wdPCH.pch;
				INFOPLIST_FILE = BattleHeartNew/Info.plist;
				LD_RUNPATH_SEARCH_PATHS = (
					"$(inherited)",
					"@executable_path/Frameworks",
				);
				PRODUCT_BUNDLE_IDENTIFIER = Freedom.BattleHeartNew;
				PRODUCT_NAME = "$(TARGET_NAME)";
				TARGETED_DEVICE_FAMILY = "1,2";
			};
			name = Debug;
		};
		04824224257E1D07006CE6BD /* Release */ = {
			isa = XCBuildConfiguration;
			baseConfigurationReference = F2A82534D841765339E4BA01 /* Pods-BattleHeartNew.release.xcconfig */;
			buildSettings = {
				ASSETCATALOG_COMPILER_APPICON_NAME = AppIcon;
				CODE_SIGN_STYLE = Automatic;
				DEVELOPMENT_TEAM = BT8UTD5NYK;
				GCC_PRECOMPILE_PREFIX_HEADER = YES;
				GCC_PREFIX_HEADER = WDTool/wdPCH.pch;
				INFOPLIST_FILE = BattleHeartNew/Info.plist;
				LD_RUNPATH_SEARCH_PATHS = (
					"$(inherited)",
					"@executable_path/Frameworks",
				);
				PRODUCT_BUNDLE_IDENTIFIER = Freedom.BattleHeartNew;
				PRODUCT_NAME = "$(TARGET_NAME)";
				TARGETED_DEVICE_FAMILY = "1,2";
			};
			name = Release;
		};
/* End XCBuildConfiguration section */

/* Begin XCConfigurationList section */
		04824200257E1D03006CE6BD /* Build configuration list for PBXProject "BattleHeartNew" */ = {
			isa = XCConfigurationList;
			buildConfigurations = (
				04824220257E1D07006CE6BD /* Debug */,
				04824221257E1D07006CE6BD /* Release */,
			);
			defaultConfigurationIsVisible = 0;
			defaultConfigurationName = Release;
		};
		04824222257E1D07006CE6BD /* Build configuration list for PBXNativeTarget "BattleHeartNew" */ = {
			isa = XCConfigurationList;
			buildConfigurations = (
				04824223257E1D07006CE6BD /* Debug */,
				04824224257E1D07006CE6BD /* Release */,
			);
			defaultConfigurationIsVisible = 0;
			defaultConfigurationName = Release;
		};
/* End XCConfigurationList section */
	};
	rootObject = 048241FD257E1D03006CE6BD /* Project object */;
}
