// !$*UTF8*$!
{
	archiveVersion = 1;
	classes = {
	};
	objectVersion = 50;
	objects = {

/* Begin PBXBuildFile section */
		0482420A257E1D03006CE6BD /* AppDelegate.m in Sources */ = {isa = PBXBuildFile; fileRef = 04824209257E1D03006CE6BD /* AppDelegate.m */; };
		0482420C257E1D03006CE6BD /* GameScene.sks in Resources */ = {isa = PBXBuildFile; fileRef = 0482420B257E1D03006CE6BD /* GameScene.sks */; };
		0482420E257E1D03006CE6BD /* Actions.sks in Resources */ = {isa = PBXBuildFile; fileRef = 0482420D257E1D03006CE6BD /* Actions.sks */; };
		04824211257E1D03006CE6BD /* GameScene.m in Sources */ = {isa = PBXBuildFile; fileRef = 04824210257E1D03006CE6BD /* GameScene.m */; };
		04824214257E1D03006CE6BD /* GameViewController.m in Sources */ = {isa = PBXBuildFile; fileRef = 04824213257E1D03006CE6BD /* GameViewController.m */; };
		04824217257E1D03006CE6BD /* Main.storyboard in Resources */ = {isa = PBXBuildFile; fileRef = 04824215257E1D03006CE6BD /* Main.storyboard */; };
		04824219257E1D07006CE6BD /* Assets.xcassets in Resources */ = {isa = PBXBuildFile; fileRef = 04824218257E1D07006CE6BD /* Assets.xcassets */; };
		0482421C257E1D07006CE6BD /* LaunchScreen.storyboard in Resources */ = {isa = PBXBuildFile; fileRef = 0482421A257E1D07006CE6BD /* LaunchScreen.storyboard */; };
		0482421F257E1D07006CE6BD /* main.m in Sources */ = {isa = PBXBuildFile; fileRef = 0482421E257E1D07006CE6BD /* main.m */; };
/* End PBXBuildFile section */

/* Begin PBXFileReference section */
		04824205257E1D03006CE6BD /* BattleHeartNew.app */ = {isa = PBXFileReference; explicitFileType = wrapper.application; includeInIndex = 0; path = BattleHeartNew.app; sourceTree = BUILT_PRODUCTS_DIR; };
		04824208257E1D03006CE6BD /* AppDelegate.h */ = {isa = PBXFileReference; lastKnownFileType = sourcecode.c.h; path = AppDelegate.h; sourceTree = "<group>"; };
		04824209257E1D03006CE6BD /* AppDelegate.m */ = {isa = PBXFileReference; lastKnownFileType = sourcecode.c.objc; path = AppDelegate.m; sourceTree = "<group>"; };
		0482420B257E1D03006CE6BD /* GameScene.sks */ = {isa = PBXFileReference; lastKnownFileType = file.sks; path = GameScene.sks; sourceTree = "<group>"; };
		0482420D257E1D03006CE6BD /* Actions.sks */ = {isa = PBXFileReference; lastKnownFileType = file.sks; path = Actions.sks; sourceTree = "<group>"; };
		0482420F257E1D03006CE6BD /* GameScene.h */ = {isa = PBXFileReference; lastKnownFileType = sourcecode.c.h; path = GameScene.h; sourceTree = "<group>"; };
		04824210257E1D03006CE6BD /* GameScene.m */ = {isa = PBXFileReference; lastKnownFileType = sourcecode.c.objc; path = GameScene.m; sourceTree = "<group>"; };
		04824212257E1D03006CE6BD /* GameViewController.h */ = {isa = PBXFileReference; lastKnownFileType = sourcecode.c.h; path = GameViewController.h; sourceTree = "<group>"; };
		04824213257E1D03006CE6BD /* GameViewController.m */ = {isa = PBXFileReference; lastKnownFileType = sourcecode.c.objc; path = GameViewController.m; sourceTree = "<group>"; };
		04824216257E1D03006CE6BD /* Base */ = {isa = PBXFileReference; lastKnownFileType = file.storyboard; name = Base; path = Base.lproj/Main.storyboard; sourceTree = "<group>"; };
		04824218257E1D07006CE6BD /* Assets.xcassets */ = {isa = PBXFileReference; lastKnownFileType = folder.assetcatalog; path = Assets.xcassets; sourceTree = "<group>"; };
		0482421B257E1D07006CE6BD /* Base */ = {isa = PBXFileReference; lastKnownFileType = file.storyboard; name = Base; path = Base.lproj/LaunchScreen.storyboard; sourceTree = "<group>"; };
		0482421D257E1D07006CE6BD /* Info.plist */ = {isa = PBXFileReference; lastKnownFileType = text.plist.xml; path = Info.plist; sourceTree = "<group>"; };
		0482421E257E1D07006CE6BD /* main.m */ = {isa = PBXFileReference; lastKnownFileType = sourcecode.c.objc; path = main.m; sourceTree = "<group>"; };
/* End PBXFileReference section */

/* Begin PBXFrameworksBuildPhase section */
		04824202257E1D03006CE6BD /* Frameworks */ = {
			isa = PBXFrameworksBuildPhase;
			buildActionMask = 2147483647;
			files = (
			);
			runOnlyForDeploymentPostprocessing = 0;
		};
/* End PBXFrameworksBuildPhase section */

/* Begin PBXGroup section */
		048241FC257E1D03006CE6BD = {
			isa = PBXGroup;
			children = (
				04824207257E1D03006CE6BD /* BattleHeartNew */,
				04824206257E1D03006CE6BD /* Products */,
			);
			sourceTree = "<group>";
		};
		04824206257E1D03006CE6BD /* Products */ = {
			isa = PBXGroup;
			children = (
				04824205257E1D03006CE6BD /* BattleHeartNew.app */,
			);
			name = Products;
			sourceTree = "<group>";
		};
		04824207257E1D03006CE6BD /* BattleHeartNew */ = {
			isa = PBXGroup;
			children = (
				04824208257E1D03006CE6BD /* AppDelegate.h */,
				04824209257E1D03006CE6BD /* AppDelegate.m */,
				0482420B257E1D03006CE6BD /* GameScene.sks */,
				0482420D257E1D03006CE6BD /* Actions.sks */,
				0482420F257E1D03006CE6BD /* GameScene.h */,
				04824210257E1D03006CE6BD /* GameScene.m */,
				04824212257E1D03006CE6BD /* GameViewController.h */,
				04824213257E1D03006CE6BD /* GameViewController.m */,
				04824215257E1D03006CE6BD /* Main.storyboard */,
				04824218257E1D07006CE6BD /* Assets.xcassets */,
				0482421A257E1D07006CE6BD /* LaunchScreen.storyboard */,
				0482421D257E1D07006CE6BD /* Info.plist */,
				0482421E257E1D07006CE6BD /* main.m */,
			);
			path = BattleHeartNew;
			sourceTree = "<group>";
		};
/* End PBXGroup section */

/* Begin PBXNativeTarget section */
		04824204257E1D03006CE6BD /* BattleHeartNew */ = {
			isa = PBXNativeTarget;
			buildConfigurationList = 04824222257E1D07006CE6BD /* Build configuration list for PBXNativeTarget "BattleHeartNew" */;
			buildPhases = (
				04824201257E1D03006CE6BD /* Sources */,
				04824202257E1D03006CE6BD /* Frameworks */,
				04824203257E1D03006CE6BD /* Resources */,
			);
			buildRules = (
			);
			dependencies = (
			);
			name = BattleHeartNew;
			productName = BattleHeartNew;
			productReference = 04824205257E1D03006CE6BD /* BattleHeartNew.app */;
			productType = "com.apple.product-type.application";
		};
/* End PBXNativeTarget section */

/* Begin PBXProject section */
		048241FD257E1D03006CE6BD /* Project object */ = {
			isa = PBXProject;
			attributes = {
				LastUpgradeCheck = 1120;
				ORGANIZATIONNAME = Macdddd;
				TargetAttributes = {
					04824204257E1D03006CE6BD = {
						CreatedOnToolsVersion = 11.2.1;
					};
				};
			};
			buildConfigurationList = 04824200257E1D03006CE6BD /* Build configuration list for PBXProject "BattleHeartNew" */;
			compatibilityVersion = "Xcode 9.3";
			developmentRegion = en;
			hasScannedForEncodings = 0;
			knownRegions = (
				en,
				Base,
			);
			mainGroup = 048241FC257E1D03006CE6BD;
			productRefGroup = 04824206257E1D03006CE6BD /* Products */;
			projectDirPath = "";
			projectRoot = "";
			targets = (
				04824204257E1D03006CE6BD /* BattleHeartNew */,
			);
		};
/* End PBXProject section */

/* Begin PBXResourcesBuildPhase section */
		04824203257E1D03006CE6BD /* Resources */ = {
			isa = PBXResourcesBuildPhase;
			buildActionMask = 2147483647;
			files = (
				04824217257E1D03006CE6BD /* Main.storyboard in Resources */,
				0482420C257E1D03006CE6BD /* GameScene.sks in Resources */,
				04824219257E1D07006CE6BD /* Assets.xcassets in Resources */,
				0482421C257E1D07006CE6BD /* LaunchScreen.storyboard in Resources */,
				0482420E257E1D03006CE6BD /* Actions.sks in Resources */,
			);
			runOnlyForDeploymentPostprocessing = 0;
		};
/* End PBXResourcesBuildPhase section */

/* Begin PBXSourcesBuildPhase section */
		04824201257E1D03006CE6BD /* Sources */ = {
			isa = PBXSourcesBuildPhase;
			buildActionMask = 2147483647;
			files = (
				04824211257E1D03006CE6BD /* GameScene.m in Sources */,
				04824214257E1D03006CE6BD /* GameViewController.m in Sources */,
				0482421F257E1D07006CE6BD /* main.m in Sources */,
				0482420A257E1D03006CE6BD /* AppDelegate.m in Sources */,
			);
			runOnlyForDeploymentPostprocessing = 0;
		};
/* End PBXSourcesBuildPhase section */

/* Begin PBXVariantGroup section */
		04824215257E1D03006CE6BD /* Main.storyboard */ = {
			isa = PBXVariantGroup;
			children = (
				04824216257E1D03006CE6BD /* Base */,
			);
			name = Main.storyboard;
			sourceTree = "<group>";
		};
		0482421A257E1D07006CE6BD /* LaunchScreen.storyboard */ = {
			isa = PBXVariantGroup;
			children = (
				0482421B257E1D07006CE6BD /* Base */,
			);
			name = LaunchScreen.storyboard;
			sourceTree = "<group>";
		};
/* End PBXVariantGroup section */

/* Begin XCBuildConfiguration section */
		04824220257E1D07006CE6BD /* Debug */ = {
			isa = XCBuildConfiguration;
			buildSettings = {
				ALWAYS_SEARCH_USER_PATHS = NO;
				CLANG_ANALYZER_NONNULL = YES;
				CLANG_ANALYZER_NUMBER_OBJECT_CONVERSION = YES_AGGRESSIVE;
				CLANG_CXX_LANGUAGE_STANDARD = "gnu++14";
				CLANG_CXX_LIBRARY = "libc++";
				CLANG_ENABLE_MODULES = YES;
				CLANG_ENABLE_OBJC_ARC = YES;
				CLANG_ENABLE_OBJC_WEAK = YES;
				CLANG_WARN_BLOCK_CAPTURE_AUTORELEASING = YES;
				CLANG_WARN_BOOL_CONVERSION = YES;
				CLANG_WARN_COMMA = YES;
				CLANG_WARN_CONSTANT_CONVERSION = YES;
				CLANG_WARN_DEPRECATED_OBJC_IMPLEMENTATIONS = YES;
				CLANG_WARN_DIRECT_OBJC_ISA_USAGE = YES_ERROR;
				CLANG_WARN_DOCUMENTATION_COMMENTS = YES;
				CLANG_WARN_EMPTY_BODY = YES;
				CLANG_WARN_ENUM_CONVERSION = YES;
				CLANG_WARN_INFINITE_RECURSION = YES;
				CLANG_WARN_INT_CONVERSION = YES;
				CLANG_WARN_NON_LITERAL_NULL_CONVERSION = YES;
				CLANG_WARN_OBJC_IMPLICIT_RETAIN_SELF = YES;
				CLANG_WARN_OBJC_LITERAL_CONVERSION = YES;
				CLANG_WARN_OBJC_ROOT_CLASS = YES_ERROR;
				CLANG_WARN_RANGE_LOOP_ANALYSIS = YES;
				CLANG_WARN_STRICT_PROTOTYPES = YES;
				CLANG_WARN_SUSPICIOUS_MOVE = YES;
				CLANG_WARN_UNGUARDED_AVAILABILITY = YES_AGGRESSIVE;
				CLANG_WARN_UNREACHABLE_CODE = YES;
				CLANG_WARN__DUPLICATE_METHOD_MATCH = YES;
				COPY_PHASE_STRIP = NO;
				DEBUG_INFORMATION_FORMAT = dwarf;
				ENABLE_STRICT_OBJC_MSGSEND = YES;
				ENABLE_TESTABILITY = YES;
				GCC_C_LANGUAGE_STANDARD = gnu11;
				GCC_DYNAMIC_NO_PIC = NO;
				GCC_NO_COMMON_BLOCKS = YES;
				GCC_OPTIMIZATION_LEVEL = 0;
				GCC_PREPROCESSOR_DEFINITIONS = (
					"DEBUG=1",
					"$(inherited)",
				);
				GCC_WARN_64_TO_32_BIT_CONVERSION = YES;
				GCC_WARN_ABOUT_RETURN_TYPE = YES_ERROR;
				GCC_WARN_UNDECLARED_SELECTOR = YES;
				GCC_WARN_UNINITIALIZED_AUTOS = YES_AGGRESSIVE;
				GCC_WARN_UNUSED_FUNCTION = YES;
				GCC_WARN_UNUSED_VARIABLE = YES;
				IPHONEOS_DEPLOYMENT_TARGET = 13.2;
				MTL_ENABLE_DEBUG_INFO = INCLUDE_SOURCE;
				MTL_FAST_MATH = YES;
				ONLY_ACTIVE_ARCH = YES;
				SDKROOT = iphoneos;
			};
			name = Debug;
		};
		04824221257E1D07006CE6BD /* Release */ = {
			isa = XCBuildConfiguration;
			buildSettings = {
				ALWAYS_SEARCH_USER_PATHS = NO;
				CLANG_ANALYZER_NONNULL = YES;
				CLANG_ANALYZER_NUMBER_OBJECT_CONVERSION = YES_AGGRESSIVE;
				CLANG_CXX_LANGUAGE_STANDARD = "gnu++14";
				CLANG_CXX_LIBRARY = "libc++";
				CLANG_ENABLE_MODULES = YES;
				CLANG_ENABLE_OBJC_ARC = YES;
				CLANG_ENABLE_OBJC_WEAK = YES;
				CLANG_WARN_BLOCK_CAPTURE_AUTORELEASING = YES;
				CLANG_WARN_BOOL_CONVERSION = YES;
				CLANG_WARN_COMMA = YES;
				CLANG_WARN_CONSTANT_CONVERSION = YES;
				CLANG_WARN_DEPRECATED_OBJC_IMPLEMENTATIONS = YES;
				CLANG_WARN_DIRECT_OBJC_ISA_USAGE = YES_ERROR;
				CLANG_WARN_DOCUMENTATION_COMMENTS = YES;
				CLANG_WARN_EMPTY_BODY = YES;
				CLANG_WARN_ENUM_CONVERSION = YES;
				CLANG_WARN_INFINITE_RECURSION = YES;
				CLANG_WARN_INT_CONVERSION = YES;
				CLANG_WARN_NON_LITERAL_NULL_CONVERSION = YES;
				CLANG_WARN_OBJC_IMPLICIT_RETAIN_SELF = YES;
				CLANG_WARN_OBJC_LITERAL_CONVERSION = YES;
				CLANG_WARN_OBJC_ROOT_CLASS = YES_ERROR;
				CLANG_WARN_RANGE_LOOP_ANALYSIS = YES;
				CLANG_WARN_STRICT_PROTOTYPES = YES;
				CLANG_WARN_SUSPICIOUS_MOVE = YES;
				CLANG_WARN_UNGUARDED_AVAILABILITY = YES_AGGRESSIVE;
				CLANG_WARN_UNREACHABLE_CODE = YES;
				CLANG_WARN__DUPLICATE_METHOD_MATCH = YES;
				COPY_PHASE_STRIP = NO;
				DEBUG_INFORMATION_FORMAT = "dwarf-with-dsym";
				ENABLE_NS_ASSERTIONS = NO;
				ENABLE_STRICT_OBJC_MSGSEND = YES;
				GCC_C_LANGUAGE_STANDARD = gnu11;
				GCC_NO_COMMON_BLOCKS = YES;
				GCC_WARN_64_TO_32_BIT_CONVERSION = YES;
				GCC_WARN_ABOUT_RETURN_TYPE = YES_ERROR;
				GCC_WARN_UNDECLARED_SELECTOR = YES;
				GCC_WARN_UNINITIALIZED_AUTOS = YES_AGGRESSIVE;
				GCC_WARN_UNUSED_FUNCTION = YES;
				GCC_WARN_UNUSED_VARIABLE = YES;
				IPHONEOS_DEPLOYMENT_TARGET = 13.2;
				MTL_ENABLE_DEBUG_INFO = NO;
				MTL_FAST_MATH = YES;
				SDKROOT = iphoneos;
				VALIDATE_PRODUCT = YES;
			};
			name = Release;
		};
		04824223257E1D07006CE6BD /* Debug */ = {
			isa = XCBuildConfiguration;
			buildSettings = {
				ASSETCATALOG_COMPILER_APPICON_NAME = AppIcon;
				CODE_SIGN_STYLE = Automatic;
				DEVELOPMENT_TEAM = BT8UTD5NYK;
				INFOPLIST_FILE = BattleHeartNew/Info.plist;
				LD_RUNPATH_SEARCH_PATHS = (
					"$(inherited)",
					"@executable_path/Frameworks",
				);
				PRODUCT_BUNDLE_IDENTIFIER = Freedom.BattleHeartNew;
				PRODUCT_NAME = "$(TARGET_NAME)";
				TARGETED_DEVICE_FAMILY = "1,2";
			};
			name = Debug;
		};
		04824224257E1D07006CE6BD /* Release */ = {
			isa = XCBuildConfiguration;
			buildSettings = {
				ASSETCATALOG_COMPILER_APPICON_NAME = AppIcon;
				CODE_SIGN_STYLE = Automatic;
				DEVELOPMENT_TEAM = BT8UTD5NYK;
				INFOPLIST_FILE = BattleHeartNew/Info.plist;
				LD_RUNPATH_SEARCH_PATHS = (
					"$(inherited)",
					"@executable_path/Frameworks",
				);
				PRODUCT_BUNDLE_IDENTIFIER = Freedom.BattleHeartNew;
				PRODUCT_NAME = "$(TARGET_NAME)";
				TARGETED_DEVICE_FAMILY = "1,2";
			};
			name = Release;
		};
/* End XCBuildConfiguration section */

/* Begin XCConfigurationList section */
		04824200257E1D03006CE6BD /* Build configuration list for PBXProject "BattleHeartNew" */ = {
			isa = XCConfigurationList;
			buildConfigurations = (
				04824220257E1D07006CE6BD /* Debug */,
				04824221257E1D07006CE6BD /* Release */,
			);
			defaultConfigurationIsVisible = 0;
			defaultConfigurationName = Release;
		};
		04824222257E1D07006CE6BD /* Build configuration list for PBXNativeTarget "BattleHeartNew" */ = {
			isa = XCConfigurationList;
			buildConfigurations = (
				04824223257E1D07006CE6BD /* Debug */,
				04824224257E1D07006CE6BD /* Release */,
			);
			defaultConfigurationIsVisible = 0;
			defaultConfigurationName = Release;
		};
/* End XCConfigurationList section */
	};
	rootObject = 048241FD257E1D03006CE6BD /* Project object */;
}
